// !$*UTF8*$!
{
	archiveVersion = 1;
	classes = {
	};
	objectVersion = 46;
	objects = {

/* Begin PBXBuildFile section */
		D7FB98F81F447329005DC707 /* AppDelegate.swift in Sources */ = {isa = PBXBuildFile; fileRef = D7FB98F71F447329005DC707 /* AppDelegate.swift */; };
		D7FB98FA1F447329005DC707 /* ViewController.swift in Sources */ = {isa = PBXBuildFile; fileRef = D7FB98F91F447329005DC707 /* ViewController.swift */; };
		D7FB98FD1F447329005DC707 /* Main.storyboard in Resources */ = {isa = PBXBuildFile; fileRef = D7FB98FB1F447329005DC707 /* Main.storyboard */; };
		D7FB98FF1F447329005DC707 /* Assets.xcassets in Resources */ = {isa = PBXBuildFile; fileRef = D7FB98FE1F447329005DC707 /* Assets.xcassets */; };
		D7FB99021F447329005DC707 /* LaunchScreen.storyboard in Resources */ = {isa = PBXBuildFile; fileRef = D7FB99001F447329005DC707 /* LaunchScreen.storyboard */; };
		D7FB990D1F447329005DC707 /* Silly_SongTests.swift in Sources */ = {isa = PBXBuildFile; fileRef = D7FB990C1F447329005DC707 /* Silly_SongTests.swift */; };
		D7FB99181F447329005DC707 /* Silly_SongUITests.swift in Sources */ = {isa = PBXBuildFile; fileRef = D7FB99171F447329005DC707 /* Silly_SongUITests.swift */; };
/* End PBXBuildFile section */

/* Begin PBXContainerItemProxy section */
		D7FB99091F447329005DC707 /* PBXContainerItemProxy */ = {
			isa = PBXContainerItemProxy;
			containerPortal = D7FB98EC1F447329005DC707 /* Project object */;
			proxyType = 1;
			remoteGlobalIDString = D7FB98F31F447329005DC707;
			remoteInfo = "Silly Song";
		};
		D7FB99141F447329005DC707 /* PBXContainerItemProxy */ = {
			isa = PBXContainerItemProxy;
			containerPortal = D7FB98EC1F447329005DC707 /* Project object */;
			proxyType = 1;
			remoteGlobalIDString = D7FB98F31F447329005DC707;
			remoteInfo = "Silly Song";
		};
/* End PBXContainerItemProxy section */

/* Begin PBXFileReference section */
		D7FB98F41F447329005DC707 /* Silly Song.app */ = {isa = PBXFileReference; explicitFileType = wrapper.application; includeInIndex = 0; path = "Silly Song.app"; sourceTree = BUILT_PRODUCTS_DIR; };
		D7FB98F71F447329005DC707 /* AppDelegate.swift */ = {isa = PBXFileReference; lastKnownFileType = sourcecode.swift; path = AppDelegate.swift; sourceTree = "<group>"; };
		D7FB98F91F447329005DC707 /* ViewController.swift */ = {isa = PBXFileReference; lastKnownFileType = sourcecode.swift; path = ViewController.swift; sourceTree = "<group>"; };
		D7FB98FC1F447329005DC707 /* Base */ = {isa = PBXFileReference; lastKnownFileType = file.storyboard; name = Base; path = Base.lproj/Main.storyboard; sourceTree = "<group>"; };
		D7FB98FE1F447329005DC707 /* Assets.xcassets */ = {isa = PBXFileReference; lastKnownFileType = folder.assetcatalog; path = Assets.xcassets; sourceTree = "<group>"; };
		D7FB99011F447329005DC707 /* Base */ = {isa = PBXFileReference; lastKnownFileType = file.storyboard; name = Base; path = Base.lproj/LaunchScreen.storyboard; sourceTree = "<group>"; };
		D7FB99031F447329005DC707 /* Info.plist */ = {isa = PBXFileReference; lastKnownFileType = text.plist.xml; path = Info.plist; sourceTree = "<group>"; };
		D7FB99081F447329005DC707 /* Silly SongTests.xctest */ = {isa = PBXFileReference; explicitFileType = wrapper.cfbundle; includeInIndex = 0; path = "Silly SongTests.xctest"; sourceTree = BUILT_PRODUCTS_DIR; };
		D7FB990C1F447329005DC707 /* Silly_SongTests.swift */ = {isa = PBXFileReference; lastKnownFileType = sourcecode.swift; path = Silly_SongTests.swift; sourceTree = "<group>"; };
		D7FB990E1F447329005DC707 /* Info.plist */ = {isa = PBXFileReference; lastKnownFileType = text.plist.xml; path = Info.plist; sourceTree = "<group>"; };
		D7FB99131F447329005DC707 /* Silly SongUITests.xctest */ = {isa = PBXFileReference; explicitFileType = wrapper.cfbundle; includeInIndex = 0; path = "Silly SongUITests.xctest"; sourceTree = BUILT_PRODUCTS_DIR; };
		D7FB99171F447329005DC707 /* Silly_SongUITests.swift */ = {isa = PBXFileReference; lastKnownFileType = sourcecode.swift; path = Silly_SongUITests.swift; sourceTree = "<group>"; };
		D7FB99191F44732A005DC707 /* Info.plist */ = {isa = PBXFileReference; lastKnownFileType = text.plist.xml; path = Info.plist; sourceTree = "<group>"; };
/* End PBXFileReference section */

/* Begin PBXFrameworksBuildPhase section */
		D7FB98F11F447329005DC707 /* Frameworks */ = {
			isa = PBXFrameworksBuildPhase;
			buildActionMask = 2147483647;
			files = (
			);
			runOnlyForDeploymentPostprocessing = 0;
		};
		D7FB99051F447329005DC707 /* Frameworks */ = {
			isa = PBXFrameworksBuildPhase;
			buildActionMask = 2147483647;
			files = (
			);
			runOnlyForDeploymentPostprocessing = 0;
		};
		D7FB99101F447329005DC707 /* Frameworks */ = {
			isa = PBXFrameworksBuildPhase;
			buildActionMask = 2147483647;
			files = (
			);
			runOnlyForDeploymentPostprocessing = 0;
		};
/* End PBXFrameworksBuildPhase section */

/* Begin PBXGroup section */
		D7FB98EB1F447329005DC707 = {
			isa = PBXGroup;
			children = (
				D7FB98F61F447329005DC707 /* Silly Song */,
				D7FB990B1F447329005DC707 /* Silly SongTests */,
				D7FB99161F447329005DC707 /* Silly SongUITests */,
				D7FB98F51F447329005DC707 /* Products */,
			);
			sourceTree = "<group>";
		};
		D7FB98F51F447329005DC707 /* Products */ = {
			isa = PBXGroup;
			children = (
				D7FB98F41F447329005DC707 /* Silly Song.app */,
				D7FB99081F447329005DC707 /* Silly SongTests.xctest */,
				D7FB99131F447329005DC707 /* Silly SongUITests.xctest */,
			);
			name = Products;
			sourceTree = "<group>";
		};
		D7FB98F61F447329005DC707 /* Silly Song */ = {
			isa = PBXGroup;
			children = (
				D7FB98F71F447329005DC707 /* AppDelegate.swift */,
				D7FB98F91F447329005DC707 /* ViewController.swift */,
				D7FB98FB1F447329005DC707 /* Main.storyboard */,
				D7FB98FE1F447329005DC707 /* Assets.xcassets */,
				D7FB99001F447329005DC707 /* LaunchScreen.storyboard */,
				D7FB99031F447329005DC707 /* Info.plist */,
			);
			path = "Silly Song";
			sourceTree = "<group>";
		};
		D7FB990B1F447329005DC707 /* Silly SongTests */ = {
			isa = PBXGroup;
			children = (
				D7FB990C1F447329005DC707 /* Silly_SongTests.swift */,
				D7FB990E1F447329005DC707 /* Info.plist */,
			);
			path = "Silly SongTests";
			sourceTree = "<group>";
		};
		D7FB99161F447329005DC707 /* Silly SongUITests */ = {
			isa = PBXGroup;
			children = (
				D7FB99171F447329005DC707 /* Silly_SongUITests.swift */,
				D7FB99191F44732A005DC707 /* Info.plist */,
			);
			path = "Silly SongUITests";
			sourceTree = "<group>";
		};
/* End PBXGroup section */

/* Begin PBXNativeTarget section */
		D7FB98F31F447329005DC707 /* Silly Song */ = {
			isa = PBXNativeTarget;
			buildConfigurationList = D7FB991C1F44732A005DC707 /* Build configuration list for PBXNativeTarget "Silly Song" */;
			buildPhases = (
				D7FB98F01F447329005DC707 /* Sources */,
				D7FB98F11F447329005DC707 /* Frameworks */,
				D7FB98F21F447329005DC707 /* Resources */,
			);
			buildRules = (
			);
			dependencies = (
			);
			name = "Silly Song";
			productName = "Silly Song";
			productReference = D7FB98F41F447329005DC707 /* Silly Song.app */;
			productType = "com.apple.product-type.application";
		};
		D7FB99071F447329005DC707 /* Silly SongTests */ = {
			isa = PBXNativeTarget;
			buildConfigurationList = D7FB991F1F44732A005DC707 /* Build configuration list for PBXNativeTarget "Silly SongTests" */;
			buildPhases = (
				D7FB99041F447329005DC707 /* Sources */,
				D7FB99051F447329005DC707 /* Frameworks */,
				D7FB99061F447329005DC707 /* Resources */,
			);
			buildRules = (
			);
			dependencies = (
				D7FB990A1F447329005DC707 /* PBXTargetDependency */,
			);
			name = "Silly SongTests";
			productName = "Silly SongTests";
			productReference = D7FB99081F447329005DC707 /* Silly SongTests.xctest */;
			productType = "com.apple.product-type.bundle.unit-test";
		};
		D7FB99121F447329005DC707 /* Silly SongUITests */ = {
			isa = PBXNativeTarget;
			buildConfigurationList = D7FB99221F44732A005DC707 /* Build configuration list for PBXNativeTarget "Silly SongUITests" */;
			buildPhases = (
				D7FB990F1F447329005DC707 /* Sources */,
				D7FB99101F447329005DC707 /* Frameworks */,
				D7FB99111F447329005DC707 /* Resources */,
			);
			buildRules = (
			);
			dependencies = (
				D7FB99151F447329005DC707 /* PBXTargetDependency */,
			);
			name = "Silly SongUITests";
			productName = "Silly SongUITests";
			productReference = D7FB99131F447329005DC707 /* Silly SongUITests.xctest */;
			productType = "com.apple.product-type.bundle.ui-testing";
		};
/* End PBXNativeTarget section */

/* Begin PBXProject section */
		D7FB98EC1F447329005DC707 /* Project object */ = {
			isa = PBXProject;
			attributes = {
				LastSwiftUpdateCheck = 0830;
				LastUpgradeCheck = 0830;
				ORGANIZATIONNAME = dev;
				TargetAttributes = {
					D7FB98F31F447329005DC707 = {
						CreatedOnToolsVersion = 8.3.3;
						ProvisioningStyle = Automatic;
					};
					D7FB99071F447329005DC707 = {
						CreatedOnToolsVersion = 8.3.3;
						ProvisioningStyle = Automatic;
						TestTargetID = D7FB98F31F447329005DC707;
					};
					D7FB99121F447329005DC707 = {
						CreatedOnToolsVersion = 8.3.3;
						ProvisioningStyle = Automatic;
						TestTargetID = D7FB98F31F447329005DC707;
					};
				};
			};
			buildConfigurationList = D7FB98EF1F447329005DC707 /* Build configuration list for PBXProject "Silly Song" */;
			compatibilityVersion = "Xcode 3.2";
			developmentRegion = English;
			hasScannedForEncodings = 0;
			knownRegions = (
				en,
				Base,
			);
			mainGroup = D7FB98EB1F447329005DC707;
			productRefGroup = D7FB98F51F447329005DC707 /* Products */;
			projectDirPath = "";
			projectRoot = "";
			targets = (
				D7FB98F31F447329005DC707 /* Silly Song */,
				D7FB99071F447329005DC707 /* Silly SongTests */,
				D7FB99121F447329005DC707 /* Silly SongUITests */,
			);
		};
/* End PBXProject section */

/* Begin PBXResourcesBuildPhase section */
		D7FB98F21F447329005DC707 /* Resources */ = {
			isa = PBXResourcesBuildPhase;
			buildActionMask = 2147483647;
			files = (
				D7FB99021F447329005DC707 /* LaunchScreen.storyboard in Resources */,
				D7FB98FF1F447329005DC707 /* Assets.xcassets in Resources */,
				D7FB98FD1F447329005DC707 /* Main.storyboard in Resources */,
			);
			runOnlyForDeploymentPostprocessing = 0;
		};
		D7FB99061F447329005DC707 /* Resources */ = {
			isa = PBXResourcesBuildPhase;
			buildActionMask = 2147483647;
			files = (
			);
			runOnlyForDeploymentPostprocessing = 0;
		};
		D7FB99111F447329005DC707 /* Resources */ = {
			isa = PBXResourcesBuildPhase;
			buildActionMask = 2147483647;
			files = (
			);
			runOnlyForDeploymentPostprocessing = 0;
		};
/* End PBXResourcesBuildPhase section */

/* Begin PBXSourcesBuildPhase section */
		D7FB98F01F447329005DC707 /* Sources */ = {
			isa = PBXSourcesBuildPhase;
			buildActionMask = 2147483647;
			files = (
				D7FB98FA1F447329005DC707 /* ViewController.swift in Sources */,
				D7FB98F81F447329005DC707 /* AppDelegate.swift in Sources */,
			);
			runOnlyForDeploymentPostprocessing = 0;
		};
		D7FB99041F447329005DC707 /* Sources */ = {
			isa = PBXSourcesBuildPhase;
			buildActionMask = 2147483647;
			files = (
				D7FB990D1F447329005DC707 /* Silly_SongTests.swift in Sources */,
			);
			runOnlyForDeploymentPostprocessing = 0;
		};
		D7FB990F1F447329005DC707 /* Sources */ = {
			isa = PBXSourcesBuildPhase;
			buildActionMask = 2147483647;
			files = (
				D7FB99181F447329005DC707 /* Silly_SongUITests.swift in Sources */,
			);
			runOnlyForDeploymentPostprocessing = 0;
		};
/* End PBXSourcesBuildPhase section */

/* Begin PBXTargetDependency section */
		D7FB990A1F447329005DC707 /* PBXTargetDependency */ = {
			isa = PBXTargetDependency;
			target = D7FB98F31F447329005DC707 /* Silly Song */;
			targetProxy = D7FB99091F447329005DC707 /* PBXContainerItemProxy */;
		};
		D7FB99151F447329005DC707 /* PBXTargetDependency */ = {
			isa = PBXTargetDependency;
			target = D7FB98F31F447329005DC707 /* Silly Song */;
			targetProxy = D7FB99141F447329005DC707 /* PBXContainerItemProxy */;
		};
/* End PBXTargetDependency section */

/* Begin PBXVariantGroup section */
		D7FB98FB1F447329005DC707 /* Main.storyboard */ = {
			isa = PBXVariantGroup;
			children = (
				D7FB98FC1F447329005DC707 /* Base */,
			);
			name = Main.storyboard;
			sourceTree = "<group>";
		};
		D7FB99001F447329005DC707 /* LaunchScreen.storyboard */ = {
			isa = PBXVariantGroup;
			children = (
				D7FB99011F447329005DC707 /* Base */,
			);
			name = LaunchScreen.storyboard;
			sourceTree = "<group>";
		};
/* End PBXVariantGroup section */

/* Begin XCBuildConfiguration section */
		D7FB991A1F44732A005DC707 /* Debug */ = {
			isa = XCBuildConfiguration;
			buildSettings = {
				ALWAYS_SEARCH_USER_PATHS = NO;
				CLANG_ANALYZER_NONNULL = YES;
				CLANG_ANALYZER_NUMBER_OBJECT_CONVERSION = YES_AGGRESSIVE;
				CLANG_CXX_LANGUAGE_STANDARD = "gnu++0x";
				CLANG_CXX_LIBRARY = "libc++";
				CLANG_ENABLE_MODULES = YES;
				CLANG_ENABLE_OBJC_ARC = YES;
				CLANG_WARN_BOOL_CONVERSION = YES;
				CLANG_WARN_CONSTANT_CONVERSION = YES;
				CLANG_WARN_DIRECT_OBJC_ISA_USAGE = YES_ERROR;
				CLANG_WARN_DOCUMENTATION_COMMENTS = YES;
				CLANG_WARN_EMPTY_BODY = YES;
				CLANG_WARN_ENUM_CONVERSION = YES;
				CLANG_WARN_INFINITE_RECURSION = YES;
				CLANG_WARN_INT_CONVERSION = YES;
				CLANG_WARN_OBJC_ROOT_CLASS = YES_ERROR;
				CLANG_WARN_SUSPICIOUS_MOVE = YES;
				CLANG_WARN_UNREACHABLE_CODE = YES;
				CLANG_WARN__DUPLICATE_METHOD_MATCH = YES;
				"CODE_SIGN_IDENTITY[sdk=iphoneos*]" = "iPhone Developer";
				COPY_PHASE_STRIP = NO;
				DEBUG_INFORMATION_FORMAT = dwarf;
				ENABLE_STRICT_OBJC_MSGSEND = YES;
				ENABLE_TESTABILITY = YES;
				GCC_C_LANGUAGE_STANDARD = gnu99;
				GCC_DYNAMIC_NO_PIC = NO;
				GCC_NO_COMMON_BLOCKS = YES;
				GCC_OPTIMIZATION_LEVEL = 0;
				GCC_PREPROCESSOR_DEFINITIONS = (
					"DEBUG=1",
					"$(inherited)",
				);
				GCC_WARN_64_TO_32_BIT_CONVERSION = YES;
				GCC_WARN_ABOUT_RETURN_TYPE = YES_ERROR;
				GCC_WARN_UNDECLARED_SELECTOR = YES;
				GCC_WARN_UNINITIALIZED_AUTOS = YES_AGGRESSIVE;
				GCC_WARN_UNUSED_FUNCTION = YES;
				GCC_WARN_UNUSED_VARIABLE = YES;
				IPHONEOS_DEPLOYMENT_TARGET = 10.3;
				MTL_ENABLE_DEBUG_INFO = YES;
				ONLY_ACTIVE_ARCH = YES;
				SDKROOT = iphoneos;
				SWIFT_ACTIVE_COMPILATION_CONDITIONS = DEBUG;
				SWIFT_OPTIMIZATION_LEVEL = "-Onone";
				TARGETED_DEVICE_FAMILY = "1,2";
			};
			name = Debug;
		};
		D7FB991B1F44732A005DC707 /* Release */ = {
			isa = XCBuildConfiguration;
			buildSettings = {
				ALWAYS_SEARCH_USER_PATHS = NO;
				CLANG_ANALYZER_NONNULL = YES;
				CLANG_ANALYZER_NUMBER_OBJECT_CONVERSION = YES_AGGRESSIVE;
				CLANG_CXX_LANGUAGE_STANDARD = "gnu++0x";
				CLANG_CXX_LIBRARY = "libc++";
				CLANG_ENABLE_MODULES = YES;
				CLANG_ENABLE_OBJC_ARC = YES;
				CLANG_WARN_BOOL_CONVERSION = YES;
				CLANG_WARN_CONSTANT_CONVERSION = YES;
				CLANG_WARN_DIRECT_OBJC_ISA_USAGE = YES_ERROR;
				CLANG_WARN_DOCUMENTATION_COMMENTS = YES;
				CLANG_WARN_EMPTY_BODY = YES;
				CLANG_WARN_ENUM_CONVERSION = YES;
				CLANG_WARN_INFINITE_RECURSION = YES;
				CLANG_WARN_INT_CONVERSION = YES;
				CLANG_WARN_OBJC_ROOT_CLASS = YES_ERROR;
				CLANG_WARN_SUSPICIOUS_MOVE = YES;
				CLANG_WARN_UNREACHABLE_CODE = YES;
				CLANG_WARN__DUPLICATE_METHOD_MATCH = YES;
				"CODE_SIGN_IDENTITY[sdk=iphoneos*]" = "iPhone Developer";
				COPY_PHASE_STRIP = NO;
				DEBUG_INFORMATION_FORMAT = "dwarf-with-dsym";
				ENABLE_NS_ASSERTIONS = NO;
				ENABLE_STRICT_OBJC_MSGSEND = YES;
				GCC_C_LANGUAGE_STANDARD = gnu99;
				GCC_NO_COMMON_BLOCKS = YES;
				GCC_WARN_64_TO_32_BIT_CONVERSION = YES;
				GCC_WARN_ABOUT_RETURN_TYPE = YES_ERROR;
				GCC_WARN_UNDECLARED_SELECTOR = YES;
				GCC_WARN_UNINITIALIZED_AUTOS = YES_AGGRESSIVE;
				GCC_WARN_UNUSED_FUNCTION = YES;
				GCC_WARN_UNUSED_VARIABLE = YES;
				IPHONEOS_DEPLOYMENT_TARGET = 10.3;
				MTL_ENABLE_DEBUG_INFO = NO;
				SDKROOT = iphoneos;
				SWIFT_OPTIMIZATION_LEVEL = "-Owholemodule";
				TARGETED_DEVICE_FAMILY = "1,2";
				VALIDATE_PRODUCT = YES;
			};
			name = Release;
		};
		D7FB991D1F44732A005DC707 /* Debug */ = {
			isa = XCBuildConfiguration;
			buildSettings = {
				ASSETCATALOG_COMPILER_APPICON_NAME = AppIcon;
				INFOPLIST_FILE = "Silly Song/Info.plist";
				LD_RUNPATH_SEARCH_PATHS = "$(inherited) @executable_path/Frameworks";
				PRODUCT_BUNDLE_IDENTIFIER = "com.dev.Silly-Song";
				PRODUCT_NAME = "$(TARGET_NAME)";
				SWIFT_VERSION = 3.0;
			};
			name = Debug;
		};
		D7FB991E1F44732A005DC707 /* Release */ = {
			isa = XCBuildConfiguration;
			buildSettings = {
				ASSETCATALOG_COMPILER_APPICON_NAME = AppIcon;
				INFOPLIST_FILE = "Silly Song/Info.plist";
				LD_RUNPATH_SEARCH_PATHS = "$(inherited) @executable_path/Frameworks";
				PRODUCT_BUNDLE_IDENTIFIER = "com.dev.Silly-Song";
				PRODUCT_NAME = "$(TARGET_NAME)";
				SWIFT_VERSION = 3.0;
			};
			name = Release;
		};
		D7FB99201F44732A005DC707 /* Debug */ = {
			isa = XCBuildConfiguration;
			buildSettings = {
				ALWAYS_EMBED_SWIFT_STANDARD_LIBRARIES = YES;
				BUNDLE_LOADER = "$(TEST_HOST)";
				INFOPLIST_FILE = "Silly SongTests/Info.plist";
				LD_RUNPATH_SEARCH_PATHS = "$(inherited) @executable_path/Frameworks @loader_path/Frameworks";
				PRODUCT_BUNDLE_IDENTIFIER = "com.dev.Silly-SongTests";
				PRODUCT_NAME = "$(TARGET_NAME)";
				SWIFT_VERSION = 3.0;
				TEST_HOST = "$(BUILT_PRODUCTS_DIR)/Silly Song.app/Silly Song";
			};
			name = Debug;
		};
		D7FB99211F44732A005DC707 /* Release */ = {
			isa = XCBuildConfiguration;
			buildSettings = {
				ALWAYS_EMBED_SWIFT_STANDARD_LIBRARIES = YES;
				BUNDLE_LOADER = "$(TEST_HOST)";
				INFOPLIST_FILE = "Silly SongTests/Info.plist";
				LD_RUNPATH_SEARCH_PATHS = "$(inherited) @executable_path/Frameworks @loader_path/Frameworks";
				PRODUCT_BUNDLE_IDENTIFIER = "com.dev.Silly-SongTests";
				PRODUCT_NAME = "$(TARGET_NAME)";
				SWIFT_VERSION = 3.0;
				TEST_HOST = "$(BUILT_PRODUCTS_DIR)/Silly Song.app/Silly Song";
			};
			name = Release;
		};
		D7FB99231F44732A005DC707 /* Debug */ = {
			isa = XCBuildConfiguration;
			buildSettings = {
				ALWAYS_EMBED_SWIFT_STANDARD_LIBRARIES = YES;
				INFOPLIST_FILE = "Silly SongUITests/Info.plist";
				LD_RUNPATH_SEARCH_PATHS = "$(inherited) @executable_path/Frameworks @loader_path/Frameworks";
				PRODUCT_BUNDLE_IDENTIFIER = "com.dev.Silly-SongUITests";
				PRODUCT_NAME = "$(TARGET_NAME)";
				SWIFT_VERSION = 3.0;
				TEST_TARGET_NAME = "Silly Song";
			};
			name = Debug;
		};
		D7FB99241F44732A005DC707 /* Release */ = {
			isa = XCBuildConfiguration;
			buildSettings = {
				ALWAYS_EMBED_SWIFT_STANDARD_LIBRARIES = YES;
				INFOPLIST_FILE = "Silly SongUITests/Info.plist";
				LD_RUNPATH_SEARCH_PATHS = "$(inherited) @executable_path/Frameworks @loader_path/Frameworks";
				PRODUCT_BUNDLE_IDENTIFIER = "com.dev.Silly-SongUITests";
				PRODUCT_NAME = "$(TARGET_NAME)";
				SWIFT_VERSION = 3.0;
				TEST_TARGET_NAME = "Silly Song";
			};
			name = Release;
		};
/* End XCBuildConfiguration section */

/* Begin XCConfigurationList section */
		D7FB98EF1F447329005DC707 /* Build configuration list for PBXProject "Silly Song" */ = {
			isa = XCConfigurationList;
			buildConfigurations = (
				D7FB991A1F44732A005DC707 /* Debug */,
				D7FB991B1F44732A005DC707 /* Release */,
			);
			defaultConfigurationIsVisible = 0;
			defaultConfigurationName = Release;
		};
		D7FB991C1F44732A005DC707 /* Build configuration list for PBXNativeTarget "Silly Song" */ = {
			isa = XCConfigurationList;
			buildConfigurations = (
				D7FB991D1F44732A005DC707 /* Debug */,
				D7FB991E1F44732A005DC707 /* Release */,
			);
			defaultConfigurationIsVisible = 0;
		};
		D7FB991F1F44732A005DC707 /* Build configuration list for PBXNativeTarget "Silly SongTests" */ = {
			isa = XCConfigurationList;
			buildConfigurations = (
				D7FB99201F44732A005DC707 /* Debug */,
				D7FB99211F44732A005DC707 /* Release */,
			);
			defaultConfigurationIsVisible = 0;
		};
		D7FB99221F44732A005DC707 /* Build configuration list for PBXNativeTarget "Silly SongUITests" */ = {
			isa = XCConfigurationList;
			buildConfigurations = (
				D7FB99231F44732A005DC707 /* Debug */,
				D7FB99241F44732A005DC707 /* Release */,
			);
			defaultConfigurationIsVisible = 0;
		};
/* End XCConfigurationList section */
	};
	rootObject = D7FB98EC1F447329005DC707 /* Project object */;
}
